gopkg.in/gcfg.v1 v1.2.3 h1:m8OOJ4ccYHnx2f4gQwpno8nAX5OGOh7RLaaz0pj3Ogs=
gopkg.in/gcfg.v1 v1.2.3/go.mod h1:yesOnuUOFQAhST5vPY4nbZsb/huCgGGXlipJsBn0b3o=
gopkg.in/warnings.v0 v0.1.2 h1:wFXVbFY8DY5/xOe1ECiWdKCzZlxgshcYVNkBHstARME=
gopkg.in/warnings.v0 v0.1.2/go.mod h1:jksf8JmL6Qr/oQM2OXTHunEvvTAsrWBLb6OOjuVWRNI=
terelius.dev/go/mail v1.0.1 h1:l/FgeoEFP/2BbKEza7ktd2QO4kEQWqNu5q2N4H8rXGg=
terelius.dev/go/mail v1.0.1/go.mod h1:N95lTvrpuqfUwH+BcTJiLPuSbT/sZvJ7pIf81bWTldA=
